
Microsoft Visual Studio Solution File, Format Version 12.00
# Visual Studio 14
VisualStudioVersion = 14.0.25420.1
MinimumVisualStudioVersion = 10.0.40219.1
Project("{FAE04EC0-301F-11D3-BF4B-00C04F79EFBC}") = "Catastro", "Catastro\Catastro.csproj", "{64525EBC-AA1A-46A6-823C-13C4E390C0A4}"
EndProject
Project("{FAE04EC0-301F-11D3-BF4B-00C04F79EFBC}") = "Clases", "Clases\Clases.csproj", "{E9E86D19-C5F8-49E9-8B08-856074B01007}"
EndProject
Project("{F184B08F-C81C-45F6-A57F-5ABD9991F28F}") = "Recibo", "Recibo\Recibo.vbproj", "{1B6BCF70-D1F6-424A-98CD-3D0D0D4703D2}"
EndProject
Project("{F184B08F-C81C-45F6-A57F-5ABD9991F28F}") = "GeneraRecibo", "GeneraRecibo\GeneraRecibo.vbproj", "{D1512F7D-8D03-434E-8DA5-6A6BC85DDBC8}"
EndProject
Project("{FAE04EC0-301F-11D3-BF4B-00C04F79EFBC}") = "CatastroPago", "CatastroPago\CatastroPago.csproj", "{F9310E59-5457-4059-A34A-E9158D62A0BD}"
EndProject
Project("{F184B08F-C81C-45F6-A57F-5ABD9991F28F}") = "Recibo33", "Recibo33\Recibo33.vbproj", "{924063AD-6500-4277-96DF-25CE3F87BCC9}"
EndProject
Project("{F184B08F-C81C-45F6-A57F-5ABD9991F28F}") = "GeneraRecibo33", "GeneraRecibo33\GeneraRecibo33.vbproj", "{17C7CBB8-43AD-421D-A732-A47CF3BAC88A}"
EndProject
Global
	GlobalSection(SolutionConfigurationPlatforms) = preSolution
		Debug|Any CPU = Debug|Any CPU
		Release|Any CPU = Release|Any CPU
	EndGlobalSection
	GlobalSection(ProjectConfigurationPlatforms) = postSolution
		{64525EBC-AA1A-46A6-823C-13C4E390C0A4}.Debug|Any CPU.ActiveCfg = Debug|Any CPU
		{64525EBC-AA1A-46A6-823C-13C4E390C0A4}.Debug|Any CPU.Build.0 = Debug|Any CPU
		{64525EBC-AA1A-46A6-823C-13C4E390C0A4}.Release|Any CPU.ActiveCfg = Release|Any CPU
		{64525EBC-AA1A-46A6-823C-13C4E390C0A4}.Release|Any CPU.Build.0 = Release|Any CPU
		{E9E86D19-C5F8-49E9-8B08-856074B01007}.Debug|Any CPU.ActiveCfg = Debug|Any CPU
		{E9E86D19-C5F8-49E9-8B08-856074B01007}.Debug|Any CPU.Build.0 = Debug|Any CPU
		{E9E86D19-C5F8-49E9-8B08-856074B01007}.Release|Any CPU.ActiveCfg = Release|Any CPU
		{E9E86D19-C5F8-49E9-8B08-856074B01007}.Release|Any CPU.Build.0 = Release|Any CPU
		{1B6BCF70-D1F6-424A-98CD-3D0D0D4703D2}.Debug|Any CPU.ActiveCfg = Debug|Any CPU
		{1B6BCF70-D1F6-424A-98CD-3D0D0D4703D2}.Debug|Any CPU.Build.0 = Debug|Any CPU
		{1B6BCF70-D1F6-424A-98CD-3D0D0D4703D2}.Release|Any CPU.ActiveCfg = Release|Any CPU
		{1B6BCF70-D1F6-424A-98CD-3D0D0D4703D2}.Release|Any CPU.Build.0 = Release|Any CPU
		{D1512F7D-8D03-434E-8DA5-6A6BC85DDBC8}.Debug|Any CPU.ActiveCfg = Debug|Any CPU
		{D1512F7D-8D03-434E-8DA5-6A6BC85DDBC8}.Debug|Any CPU.Build.0 = Debug|Any CPU
		{D1512F7D-8D03-434E-8DA5-6A6BC85DDBC8}.Release|Any CPU.ActiveCfg = Release|Any CPU
		{D1512F7D-8D03-434E-8DA5-6A6BC85DDBC8}.Release|Any CPU.Build.0 = Release|Any CPU
		{F9310E59-5457-4059-A34A-E9158D62A0BD}.Debug|Any CPU.ActiveCfg = Debug|Any CPU
		{F9310E59-5457-4059-A34A-E9158D62A0BD}.Debug|Any CPU.Build.0 = Debug|Any CPU
		{F9310E59-5457-4059-A34A-E9158D62A0BD}.Release|Any CPU.ActiveCfg = Release|Any CPU
		{F9310E59-5457-4059-A34A-E9158D62A0BD}.Release|Any CPU.Build.0 = Release|Any CPU
		{924063AD-6500-4277-96DF-25CE3F87BCC9}.Debug|Any CPU.ActiveCfg = Debug|Any CPU
		{924063AD-6500-4277-96DF-25CE3F87BCC9}.Debug|Any CPU.Build.0 = Debug|Any CPU
		{924063AD-6500-4277-96DF-25CE3F87BCC9}.Release|Any CPU.ActiveCfg = Release|Any CPU
		{924063AD-6500-4277-96DF-25CE3F87BCC9}.Release|Any CPU.Build.0 = Release|Any CPU
		{17C7CBB8-43AD-421D-A732-A47CF3BAC88A}.Debug|Any CPU.ActiveCfg = Debug|Any CPU
		{17C7CBB8-43AD-421D-A732-A47CF3BAC88A}.Debug|Any CPU.Build.0 = Debug|Any CPU
		{17C7CBB8-43AD-421D-A732-A47CF3BAC88A}.Release|Any CPU.ActiveCfg = Release|Any CPU
		{17C7CBB8-43AD-421D-A732-A47CF3BAC88A}.Release|Any CPU.Build.0 = Release|Any CPU
	EndGlobalSection
	GlobalSection(SolutionProperties) = preSolution
		HideSolutionNode = FALSE
	EndGlobalSection
EndGlobal
